
Microsoft Visual Studio Solution File, Format Version 12.00
# Visual Studio 2013
VisualStudioVersion = 12.0.30501.0
MinimumVisualStudioVersion = 10.0.40219.1
Project("{FAE04EC0-301F-11D3-BF4B-00C04F79EFBC}") = "Reporting", "Reporting\Reporting.csproj", "{1BD2D8E1-0720-4806-A44E-5580CB20A552}"
EndProject
Project("{FAE04EC0-301F-11D3-BF4B-00C04F79EFBC}") = "Reporting.Tests", "Reporting.Tests\Reporting.Tests.csproj", "{EE7FE609-42C6-43B8-9215-4130A1E6B95A}"
EndProject
Project("{2150E333-8FDC-42A3-9474-1A3956D46DE8}") = "Solution Items", "Solution Items", "{8AB39B2D-D5E4-4253-8349-E555F0193741}"
	ProjectSection(SolutionItems) = preProject
		README.md = README.md
	EndProjectSection
EndProject
Global
	GlobalSection(SolutionConfigurationPlatforms) = preSolution
		Debug|Any CPU = Debug|Any CPU
		Release|Any CPU = Release|Any CPU
	EndGlobalSection
	GlobalSection(ProjectConfigurationPlatforms) = postSolution
		{1BD2D8E1-0720-4806-A44E-5580CB20A552}.Debug|Any CPU.ActiveCfg = Debug|Any CPU
		{1BD2D8E1-0720-4806-A44E-5580CB20A552}.Debug|Any CPU.Build.0 = Debug|Any CPU
		{1BD2D8E1-0720-4806-A44E-5580CB20A552}.Release|Any CPU.ActiveCfg = Release|Any CPU
		{1BD2D8E1-0720-4806-A44E-5580CB20A552}.Release|Any CPU.Build.0 = Release|Any CPU
		{EE7FE609-42C6-43B8-9215-4130A1E6B95A}.Debug|Any CPU.ActiveCfg = Debug|Any CPU
		{EE7FE609-42C6-43B8-9215-4130A1E6B95A}.Debug|Any CPU.Build.0 = Debug|Any CPU
		{EE7FE609-42C6-43B8-9215-4130A1E6B95A}.Release|Any CPU.ActiveCfg = Release|Any CPU
		{EE7FE609-42C6-43B8-9215-4130A1E6B95A}.Release|Any CPU.Build.0 = Release|Any CPU
	EndGlobalSection
	GlobalSection(SolutionProperties) = preSolution
		HideSolutionNode = FALSE
	EndGlobalSection
EndGlobal
